[root]
name = "iron-kaleidoscope"
version = "0.0.1"
dependencies = [
 "docopt_macros 0.6.11 (git+git://github.com/docopt/docopt.rs)",
]

[[package]]
name = "docopt"
version = "0.6.11"
source = "git+git://github.com/docopt/docopt.rs#fe39168e45eb8993e6f6eb57cded249f5de000df"

[[package]]
name = "docopt_macros"
version = "0.6.11"
source = "git+git://github.com/docopt/docopt.rs#fe39168e45eb8993e6f6eb57cded249f5de000df"
dependencies = [
 "docopt 0.6.11 (git+git://github.com/docopt/docopt.rs)",
]

